
Microsoft Visual Studio Solution File, Format Version 12.00
# Visual Studio Version 17
VisualStudioVersion = 17.14.36203.30
MinimumVisualStudioVersion = 10.0.40219.1
Project("{FAE04EC0-301F-11D3-BF4B-00C04F79EFBC}") = "SQLQuickFind.Vsix", "src\SQLQuickFind.Vsix\SQLQuickFind.Vsix.csproj", "{3AA6A0A1-38C1-44EB-98D9-241A6BEF9D2B}"
EndProject
Global
	GlobalSection(SolutionConfigurationPlatforms) = preSolution
		Debug|Any CPU = Debug|Any CPU
		Release|Any CPU = Release|Any CPU
	EndGlobalSection
	GlobalSection(ProjectConfigurationPlatforms) = postSolution
		{3AA6A0A1-38C1-44EB-98D9-241A6BEF9D2B}.Debug|Any CPU.ActiveCfg = Debug|Any CPU
		{3AA6A0A1-38C1-44EB-98D9-241A6BEF9D2B}.Debug|Any CPU.Build.0 = Debug|Any CPU
		{3AA6A0A1-38C1-44EB-98D9-241A6BEF9D2B}.Release|Any CPU.ActiveCfg = Release|Any CPU
		{3AA6A0A1-38C1-44EB-98D9-241A6BEF9D2B}.Release|Any CPU.Build.0 = Release|Any CPU
	EndGlobalSection
	GlobalSection(SolutionProperties) = preSolution
		HideSolutionNode = FALSE
	EndGlobalSection
	GlobalSection(ExtensibilityGlobals) = postSolution
		SolutionGuid = {7B2C5F1A-3E4D-4A8B-9C1D-2E3F4A5B6C7D}
	EndGlobalSection
EndGlobal
